
Microsoft Visual Studio Solution File, Format Version 12.00
# Visual Studio 15
VisualStudioVersion = 15.0.27130.2027
MinimumVisualStudioVersion = 10.0.40219.1
Project("{FAE04EC0-301F-11D3-BF4B-00C04F79EFBC}") = "BotMarchesBotForWestMarches", "BotMarchesBotForWestMarches\BotMarchesBotForWestMarches.csproj", "{D3ED5A5C-B562-4DD8-B7DA-8FBD4F00FA21}"
EndProject
Global
	GlobalSection(SolutionConfigurationPlatforms) = preSolution
		Debug|Any CPU = Debug|Any CPU
		Release|Any CPU = Release|Any CPU
	EndGlobalSection
	GlobalSection(ProjectConfigurationPlatforms) = postSolution
		{D3ED5A5C-B562-4DD8-B7DA-8FBD4F00FA21}.Debug|Any CPU.ActiveCfg = Debug|Any CPU
		{D3ED5A5C-B562-4DD8-B7DA-8FBD4F00FA21}.Debug|Any CPU.Build.0 = Debug|Any CPU
		{D3ED5A5C-B562-4DD8-B7DA-8FBD4F00FA21}.Release|Any CPU.ActiveCfg = Release|Any CPU
		{D3ED5A5C-B562-4DD8-B7DA-8FBD4F00FA21}.Release|Any CPU.Build.0 = Release|Any CPU
	EndGlobalSection
	GlobalSection(SolutionProperties) = preSolution
		HideSolutionNode = FALSE
	EndGlobalSection
	GlobalSection(ExtensibilityGlobals) = postSolution
		SolutionGuid = {2359DDF9-2B4A-44C6-B912-89BC284625E5}
	EndGlobalSection
EndGlobal
